
Microsoft Visual Studio Solution File, Format Version 12.00
# Visual Studio Version 17
VisualStudioVersion = 17.0.32014.148
MinimumVisualStudioVersion = 10.0.40219.1
Project("{9A19103F-16F7-4668-BE54-9A1E7A4F7556}") = "SvgFileTypePlugin", "SvgFileType\SvgFileTypePlugin.csproj", "{C32235C8-90B3-4C43-B589-B821C84839E9}"
EndProject
Project("{9A19103F-16F7-4668-BE54-9A1E7A4F7556}") = "BitmapVectorizer", "BitmapVectorizer\BitmapVectorizer\BitmapVectorizer.csproj", "{2C7479CE-42CF-4D90-9650-6ACDF868B8D2}"
EndProject
Project("{9A19103F-16F7-4668-BE54-9A1E7A4F7556}") = "resvg.net", "..\resvg.net\resvg.net\resvg.net.csproj", "{AC700075-39F4-4DB8-B65A-8B0C9264225C}"
EndProject
Project("{9A19103F-16F7-4668-BE54-9A1E7A4F7556}") = "PaintDotNet.IndirectUI.Fluent", "..\PaintDotNet.IndirectUI.Fluent\PaintDotNet.IndirectUI.Fluent\PaintDotNet.IndirectUI.Fluent.csproj", "{0A612B08-8FC5-4068-9437-FC38476EA808}"
EndProject
Project("{FAE04EC0-301F-11D3-BF4B-00C04F79EFBC}") = "resvg.net.SourceGenerator", "..\resvg.net\resvg.net.SourceGenerator\resvg.net.SourceGenerator.csproj", "{829DA38A-DC43-4A9F-AEB6-C2208390B6B0}"
EndProject
Global
	GlobalSection(SolutionConfigurationPlatforms) = preSolution
		Debug|Any CPU = Debug|Any CPU
		Release|Any CPU = Release|Any CPU
	EndGlobalSection
	GlobalSection(ProjectConfigurationPlatforms) = postSolution
		{C32235C8-90B3-4C43-B589-B821C84839E9}.Debug|Any CPU.ActiveCfg = Debug|Any CPU
		{C32235C8-90B3-4C43-B589-B821C84839E9}.Debug|Any CPU.Build.0 = Debug|Any CPU
		{C32235C8-90B3-4C43-B589-B821C84839E9}.Release|Any CPU.ActiveCfg = Release|Any CPU
		{C32235C8-90B3-4C43-B589-B821C84839E9}.Release|Any CPU.Build.0 = Release|Any CPU
		{2C7479CE-42CF-4D90-9650-6ACDF868B8D2}.Debug|Any CPU.ActiveCfg = Debug|Any CPU
		{2C7479CE-42CF-4D90-9650-6ACDF868B8D2}.Debug|Any CPU.Build.0 = Debug|Any CPU
		{2C7479CE-42CF-4D90-9650-6ACDF868B8D2}.Release|Any CPU.ActiveCfg = Release|Any CPU
		{2C7479CE-42CF-4D90-9650-6ACDF868B8D2}.Release|Any CPU.Build.0 = Release|Any CPU
		{AC700075-39F4-4DB8-B65A-8B0C9264225C}.Debug|Any CPU.ActiveCfg = Debug|Any CPU
		{AC700075-39F4-4DB8-B65A-8B0C9264225C}.Debug|Any CPU.Build.0 = Debug|Any CPU
		{AC700075-39F4-4DB8-B65A-8B0C9264225C}.Release|Any CPU.ActiveCfg = Release|Any CPU
		{AC700075-39F4-4DB8-B65A-8B0C9264225C}.Release|Any CPU.Build.0 = Release|Any CPU
		{0A612B08-8FC5-4068-9437-FC38476EA808}.Debug|Any CPU.ActiveCfg = Debug|Any CPU
		{0A612B08-8FC5-4068-9437-FC38476EA808}.Debug|Any CPU.Build.0 = Debug|Any CPU
		{0A612B08-8FC5-4068-9437-FC38476EA808}.Release|Any CPU.ActiveCfg = Release|Any CPU
		{0A612B08-8FC5-4068-9437-FC38476EA808}.Release|Any CPU.Build.0 = Release|Any CPU
		{829DA38A-DC43-4A9F-AEB6-C2208390B6B0}.Debug|Any CPU.ActiveCfg = Debug|Any CPU
		{829DA38A-DC43-4A9F-AEB6-C2208390B6B0}.Debug|Any CPU.Build.0 = Debug|Any CPU
		{829DA38A-DC43-4A9F-AEB6-C2208390B6B0}.Release|Any CPU.ActiveCfg = Release|Any CPU
		{829DA38A-DC43-4A9F-AEB6-C2208390B6B0}.Release|Any CPU.Build.0 = Release|Any CPU
	EndGlobalSection
	GlobalSection(SolutionProperties) = preSolution
		HideSolutionNode = FALSE
	EndGlobalSection
	GlobalSection(ExtensibilityGlobals) = postSolution
		SolutionGuid = {1ACF9C3B-BF8E-4939-88D4-BA7E2CE114E5}
	EndGlobalSection
EndGlobal
