
Microsoft Visual Studio Solution File, Format Version 12.00
# Visual Studio 15
VisualStudioVersion = 15.0.27130.2027
MinimumVisualStudioVersion = 10.0.40219.1
Project("{FAE04EC0-301F-11D3-BF4B-00C04F79EFBC}") = "SvgFileTypePlugin", "SvgFileType\SvgFileTypePlugin.csproj", "{C32235C8-90B3-4C43-B589-B821C84839E9}"
EndProject
Global
	GlobalSection(SolutionConfigurationPlatforms) = preSolution
		Debug|Any CPU = Debug|Any CPU
		Release|Any CPU = Release|Any CPU
	EndGlobalSection
	GlobalSection(ProjectConfigurationPlatforms) = postSolution
		{C32235C8-90B3-4C43-B589-B821C84839E9}.Debug|Any CPU.ActiveCfg = Debug|Any CPU
		{C32235C8-90B3-4C43-B589-B821C84839E9}.Debug|Any CPU.Build.0 = Debug|Any CPU
		{C32235C8-90B3-4C43-B589-B821C84839E9}.Release|Any CPU.ActiveCfg = Release|Any CPU
		{C32235C8-90B3-4C43-B589-B821C84839E9}.Release|Any CPU.Build.0 = Release|Any CPU
		{5D01D439-1DE7-4900-8566-F70E4492A756}.Debug|Any CPU.ActiveCfg = Debug|Any CPU
		{5D01D439-1DE7-4900-8566-F70E4492A756}.Debug|Any CPU.Build.0 = Debug|Any CPU
		{5D01D439-1DE7-4900-8566-F70E4492A756}.Release|Any CPU.ActiveCfg = Release|Any CPU
		{5D01D439-1DE7-4900-8566-F70E4492A756}.Release|Any CPU.Build.0 = Release|Any CPU
	EndGlobalSection
	GlobalSection(SolutionProperties) = preSolution
		HideSolutionNode = FALSE
	EndGlobalSection
	GlobalSection(ExtensibilityGlobals) = postSolution
		SolutionGuid = {1ACF9C3B-BF8E-4939-88D4-BA7E2CE114E5}
	EndGlobalSection
EndGlobal
